// !$*UTF8*$!
{
	archiveVersion = 1;
	classes = {
	};
	objectVersion = 56;
	objects = {

/* Begin PBXBuildFile section */
		EE40F87A2AAF06A400BD629B /* main.swift in Sources */ = {isa = PBXBuildFile; fileRef = EE40F8792AAF06A400BD629B /* main.swift */; };
		EE40F8842AAF078900BD629B /* ListNode.swift in Sources */ = {isa = PBXBuildFile; fileRef = EE40F8832AAF078900BD629B /* ListNode.swift */; };
		EE40F8872AAF4D3600BD629B /* ReorderList.swift in Sources */ = {isa = PBXBuildFile; fileRef = EE40F8862AAF4D3600BD629B /* ReorderList.swift */; };
		EE40F88A2AAF4D4B00BD629B /* Solution.swift in Sources */ = {isa = PBXBuildFile; fileRef = EE40F8892AAF4D4B00BD629B /* Solution.swift */; };
		EE40F88D2AB408AD00BD629B /* RemoveNthNodeFromEndOfList.swift in Sources */ = {isa = PBXBuildFile; fileRef = EE40F88C2AB408AD00BD629B /* RemoveNthNodeFromEndOfList.swift */; };
/* End PBXBuildFile section */

/* Begin PBXCopyFilesBuildPhase section */
		EE40F8742AAF06A400BD629B /* CopyFiles */ = {
			isa = PBXCopyFilesBuildPhase;
			buildActionMask = 2147483647;
			dstPath = /usr/share/man/man1/;
			dstSubfolderSpec = 0;
			files = (
			);
			runOnlyForDeploymentPostprocessing = 1;
		};
/* End PBXCopyFilesBuildPhase section */

/* Begin PBXFileReference section */
		EE40F8762AAF06A400BD629B /* leetcode */ = {isa = PBXFileReference; explicitFileType = "compiled.mach-o.executable"; includeInIndex = 0; path = leetcode; sourceTree = BUILT_PRODUCTS_DIR; };
		EE40F8792AAF06A400BD629B /* main.swift */ = {isa = PBXFileReference; lastKnownFileType = sourcecode.swift; path = main.swift; sourceTree = "<group>"; };
		EE40F8832AAF078900BD629B /* ListNode.swift */ = {isa = PBXFileReference; lastKnownFileType = sourcecode.swift; path = ListNode.swift; sourceTree = "<group>"; };
		EE40F8862AAF4D3600BD629B /* ReorderList.swift */ = {isa = PBXFileReference; lastKnownFileType = sourcecode.swift; path = ReorderList.swift; sourceTree = "<group>"; };
		EE40F8892AAF4D4B00BD629B /* Solution.swift */ = {isa = PBXFileReference; lastKnownFileType = sourcecode.swift; path = Solution.swift; sourceTree = "<group>"; };
		EE40F88C2AB408AD00BD629B /* RemoveNthNodeFromEndOfList.swift */ = {isa = PBXFileReference; lastKnownFileType = sourcecode.swift; path = RemoveNthNodeFromEndOfList.swift; sourceTree = "<group>"; };
/* End PBXFileReference section */

/* Begin PBXFrameworksBuildPhase section */
		EE40F8732AAF06A400BD629B /* Frameworks */ = {
			isa = PBXFrameworksBuildPhase;
			buildActionMask = 2147483647;
			files = (
			);
			runOnlyForDeploymentPostprocessing = 0;
		};
/* End PBXFrameworksBuildPhase section */

/* Begin PBXGroup section */
		EE40F86D2AAF06A400BD629B = {
			isa = PBXGroup;
			children = (
				EE40F8782AAF06A400BD629B /* leetcode */,
				EE40F8772AAF06A400BD629B /* Products */,
			);
			sourceTree = "<group>";
		};
		EE40F8772AAF06A400BD629B /* Products */ = {
			isa = PBXGroup;
			children = (
				EE40F8762AAF06A400BD629B /* leetcode */,
			);
			name = Products;
			sourceTree = "<group>";
		};
		EE40F8782AAF06A400BD629B /* leetcode */ = {
			isa = PBXGroup;
			children = (
				EE40F8792AAF06A400BD629B /* main.swift */,
				EE40F8882AAF4D4100BD629B /* Helper */,
				EE40F8802AAF06BA00BD629B /* LinkedList */,
			);
			path = leetcode;
			sourceTree = "<group>";
		};
		EE40F8802AAF06BA00BD629B /* LinkedList */ = {
			isa = PBXGroup;
			children = (
				EE40F8852AAF4D2C00BD629B /* Problems */,
				EE40F8822AAF077B00BD629B /* Utilities */,
			);
			path = LinkedList;
			sourceTree = "<group>";
		};
		EE40F8822AAF077B00BD629B /* Utilities */ = {
			isa = PBXGroup;
			children = (
				EE40F8832AAF078900BD629B /* ListNode.swift */,
			);
			path = Utilities;
			sourceTree = "<group>";
		};
		EE40F8852AAF4D2C00BD629B /* Problems */ = {
			isa = PBXGroup;
			children = (
				EE40F8862AAF4D3600BD629B /* ReorderList.swift */,
				EE40F88C2AB408AD00BD629B /* RemoveNthNodeFromEndOfList.swift */,
			);
			path = Problems;
			sourceTree = "<group>";
		};
		EE40F8882AAF4D4100BD629B /* Helper */ = {
			isa = PBXGroup;
			children = (
				EE40F8892AAF4D4B00BD629B /* Solution.swift */,
			);
			path = Helper;
			sourceTree = "<group>";
		};
/* End PBXGroup section */

/* Begin PBXNativeTarget section */
		EE40F8752AAF06A400BD629B /* leetcode */ = {
			isa = PBXNativeTarget;
			buildConfigurationList = EE40F87D2AAF06A400BD629B /* Build configuration list for PBXNativeTarget "leetcode" */;
			buildPhases = (
				EE40F8722AAF06A400BD629B /* Sources */,
				EE40F8732AAF06A400BD629B /* Frameworks */,
				EE40F8742AAF06A400BD629B /* CopyFiles */,
			);
			buildRules = (
			);
			dependencies = (
			);
			name = leetcode;
			productName = leetcode;
			productReference = EE40F8762AAF06A400BD629B /* leetcode */;
			productType = "com.apple.product-type.tool";
		};
/* End PBXNativeTarget section */

/* Begin PBXProject section */
		EE40F86E2AAF06A400BD629B /* Project object */ = {
			isa = PBXProject;
			attributes = {
				BuildIndependentTargetsInParallel = 1;
				LastSwiftUpdateCheck = 1430;
				LastUpgradeCheck = 1430;
				TargetAttributes = {
					EE40F8752AAF06A400BD629B = {
						CreatedOnToolsVersion = 14.3.1;
					};
				};
			};
			buildConfigurationList = EE40F8712AAF06A400BD629B /* Build configuration list for PBXProject "leetcode" */;
			compatibilityVersion = "Xcode 14.0";
			developmentRegion = en;
			hasScannedForEncodings = 0;
			knownRegions = (
				en,
				Base,
			);
			mainGroup = EE40F86D2AAF06A400BD629B;
			productRefGroup = EE40F8772AAF06A400BD629B /* Products */;
			projectDirPath = "";
			projectRoot = "";
			targets = (
				EE40F8752AAF06A400BD629B /* leetcode */,
			);
		};
/* End PBXProject section */

/* Begin PBXSourcesBuildPhase section */
		EE40F8722AAF06A400BD629B /* Sources */ = {
			isa = PBXSourcesBuildPhase;
			buildActionMask = 2147483647;
			files = (
				EE40F8872AAF4D3600BD629B /* ReorderList.swift in Sources */,
				EE40F87A2AAF06A400BD629B /* main.swift in Sources */,
				EE40F88A2AAF4D4B00BD629B /* Solution.swift in Sources */,
				EE40F8842AAF078900BD629B /* ListNode.swift in Sources */,
				EE40F88D2AB408AD00BD629B /* RemoveNthNodeFromEndOfList.swift in Sources */,
			);
			runOnlyForDeploymentPostprocessing = 0;
		};
/* End PBXSourcesBuildPhase section */

/* Begin XCBuildConfiguration section */
		EE40F87B2AAF06A400BD629B /* Debug */ = {
			isa = XCBuildConfiguration;
			buildSettings = {
				ALWAYS_SEARCH_USER_PATHS = NO;
				CLANG_ANALYZER_NONNULL = YES;
				CLANG_ANALYZER_NUMBER_OBJECT_CONVERSION = YES_AGGRESSIVE;
				CLANG_CXX_LANGUAGE_STANDARD = "gnu++20";
				CLANG_ENABLE_MODULES = YES;
				CLANG_ENABLE_OBJC_ARC = YES;
				CLANG_ENABLE_OBJC_WEAK = YES;
				CLANG_WARN_BLOCK_CAPTURE_AUTORELEASING = YES;
				CLANG_WARN_BOOL_CONVERSION = YES;
				CLANG_WARN_COMMA = YES;
				CLANG_WARN_CONSTANT_CONVERSION = YES;
				CLANG_WARN_DEPRECATED_OBJC_IMPLEMENTATIONS = YES;
				CLANG_WARN_DIRECT_OBJC_ISA_USAGE = YES_ERROR;
				CLANG_WARN_DOCUMENTATION_COMMENTS = YES;
				CLANG_WARN_EMPTY_BODY = YES;
				CLANG_WARN_ENUM_CONVERSION = YES;
				CLANG_WARN_INFINITE_RECURSION = YES;
				CLANG_WARN_INT_CONVERSION = YES;
				CLANG_WARN_NON_LITERAL_NULL_CONVERSION = YES;
				CLANG_WARN_OBJC_IMPLICIT_RETAIN_SELF = YES;
				CLANG_WARN_OBJC_LITERAL_CONVERSION = YES;
				CLANG_WARN_OBJC_ROOT_CLASS = YES_ERROR;
				CLANG_WARN_QUOTED_INCLUDE_IN_FRAMEWORK_HEADER = YES;
				CLANG_WARN_RANGE_LOOP_ANALYSIS = YES;
				CLANG_WARN_STRICT_PROTOTYPES = YES;
				CLANG_WARN_SUSPICIOUS_MOVE = YES;
				CLANG_WARN_UNGUARDED_AVAILABILITY = YES_AGGRESSIVE;
				CLANG_WARN_UNREACHABLE_CODE = YES;
				CLANG_WARN__DUPLICATE_METHOD_MATCH = YES;
				COPY_PHASE_STRIP = NO;
				DEBUG_INFORMATION_FORMAT = dwarf;
				ENABLE_STRICT_OBJC_MSGSEND = YES;
				ENABLE_TESTABILITY = YES;
				GCC_C_LANGUAGE_STANDARD = gnu11;
				GCC_DYNAMIC_NO_PIC = NO;
				GCC_NO_COMMON_BLOCKS = YES;
				GCC_OPTIMIZATION_LEVEL = 0;
				GCC_PREPROCESSOR_DEFINITIONS = (
					"DEBUG=1",
					"$(inherited)",
				);
				GCC_WARN_64_TO_32_BIT_CONVERSION = YES;
				GCC_WARN_ABOUT_RETURN_TYPE = YES_ERROR;
				GCC_WARN_UNDECLARED_SELECTOR = YES;
				GCC_WARN_UNINITIALIZED_AUTOS = YES_AGGRESSIVE;
				GCC_WARN_UNUSED_FUNCTION = YES;
				GCC_WARN_UNUSED_VARIABLE = YES;
				MACOSX_DEPLOYMENT_TARGET = 13.3;
				MTL_ENABLE_DEBUG_INFO = INCLUDE_SOURCE;
				MTL_FAST_MATH = YES;
				ONLY_ACTIVE_ARCH = YES;
				SDKROOT = macosx;
				SWIFT_ACTIVE_COMPILATION_CONDITIONS = DEBUG;
				SWIFT_OPTIMIZATION_LEVEL = "-Onone";
			};
			name = Debug;
		};
		EE40F87C2AAF06A400BD629B /* Release */ = {
			isa = XCBuildConfiguration;
			buildSettings = {
				ALWAYS_SEARCH_USER_PATHS = NO;
				CLANG_ANALYZER_NONNULL = YES;
				CLANG_ANALYZER_NUMBER_OBJECT_CONVERSION = YES_AGGRESSIVE;
				CLANG_CXX_LANGUAGE_STANDARD = "gnu++20";
				CLANG_ENABLE_MODULES = YES;
				CLANG_ENABLE_OBJC_ARC = YES;
				CLANG_ENABLE_OBJC_WEAK = YES;
				CLANG_WARN_BLOCK_CAPTURE_AUTORELEASING = YES;
				CLANG_WARN_BOOL_CONVERSION = YES;
				CLANG_WARN_COMMA = YES;
				CLANG_WARN_CONSTANT_CONVERSION = YES;
				CLANG_WARN_DEPRECATED_OBJC_IMPLEMENTATIONS = YES;
				CLANG_WARN_DIRECT_OBJC_ISA_USAGE = YES_ERROR;
				CLANG_WARN_DOCUMENTATION_COMMENTS = YES;
				CLANG_WARN_EMPTY_BODY = YES;
				CLANG_WARN_ENUM_CONVERSION = YES;
				CLANG_WARN_INFINITE_RECURSION = YES;
				CLANG_WARN_INT_CONVERSION = YES;
				CLANG_WARN_NON_LITERAL_NULL_CONVERSION = YES;
				CLANG_WARN_OBJC_IMPLICIT_RETAIN_SELF = YES;
				CLANG_WARN_OBJC_LITERAL_CONVERSION = YES;
				CLANG_WARN_OBJC_ROOT_CLASS = YES_ERROR;
				CLANG_WARN_QUOTED_INCLUDE_IN_FRAMEWORK_HEADER = YES;
				CLANG_WARN_RANGE_LOOP_ANALYSIS = YES;
				CLANG_WARN_STRICT_PROTOTYPES = YES;
				CLANG_WARN_SUSPICIOUS_MOVE = YES;
				CLANG_WARN_UNGUARDED_AVAILABILITY = YES_AGGRESSIVE;
				CLANG_WARN_UNREACHABLE_CODE = YES;
				CLANG_WARN__DUPLICATE_METHOD_MATCH = YES;
				COPY_PHASE_STRIP = NO;
				DEBUG_INFORMATION_FORMAT = "dwarf-with-dsym";
				ENABLE_NS_ASSERTIONS = NO;
				ENABLE_STRICT_OBJC_MSGSEND = YES;
				GCC_C_LANGUAGE_STANDARD = gnu11;
				GCC_NO_COMMON_BLOCKS = YES;
				GCC_WARN_64_TO_32_BIT_CONVERSION = YES;
				GCC_WARN_ABOUT_RETURN_TYPE = YES_ERROR;
				GCC_WARN_UNDECLARED_SELECTOR = YES;
				GCC_WARN_UNINITIALIZED_AUTOS = YES_AGGRESSIVE;
				GCC_WARN_UNUSED_FUNCTION = YES;
				GCC_WARN_UNUSED_VARIABLE = YES;
				MACOSX_DEPLOYMENT_TARGET = 13.3;
				MTL_ENABLE_DEBUG_INFO = NO;
				MTL_FAST_MATH = YES;
				SDKROOT = macosx;
				SWIFT_COMPILATION_MODE = wholemodule;
				SWIFT_OPTIMIZATION_LEVEL = "-O";
			};
			name = Release;
		};
		EE40F87E2AAF06A400BD629B /* Debug */ = {
			isa = XCBuildConfiguration;
			buildSettings = {
				CODE_SIGN_STYLE = Automatic;
				DEVELOPMENT_TEAM = 4529XPL542;
				ENABLE_HARDENED_RUNTIME = YES;
				PRODUCT_NAME = "$(TARGET_NAME)";
				SWIFT_VERSION = 5.0;
			};
			name = Debug;
		};
		EE40F87F2AAF06A400BD629B /* Release */ = {
			isa = XCBuildConfiguration;
			buildSettings = {
				CODE_SIGN_STYLE = Automatic;
				DEVELOPMENT_TEAM = 4529XPL542;
				ENABLE_HARDENED_RUNTIME = YES;
				PRODUCT_NAME = "$(TARGET_NAME)";
				SWIFT_VERSION = 5.0;
			};
			name = Release;
		};
/* End XCBuildConfiguration section */

/* Begin XCConfigurationList section */
		EE40F8712AAF06A400BD629B /* Build configuration list for PBXProject "leetcode" */ = {
			isa = XCConfigurationList;
			buildConfigurations = (
				EE40F87B2AAF06A400BD629B /* Debug */,
				EE40F87C2AAF06A400BD629B /* Release */,
			);
			defaultConfigurationIsVisible = 0;
			defaultConfigurationName = Release;
		};
		EE40F87D2AAF06A400BD629B /* Build configuration list for PBXNativeTarget "leetcode" */ = {
			isa = XCConfigurationList;
			buildConfigurations = (
				EE40F87E2AAF06A400BD629B /* Debug */,
				EE40F87F2AAF06A400BD629B /* Release */,
			);
			defaultConfigurationIsVisible = 0;
			defaultConfigurationName = Release;
		};
/* End XCConfigurationList section */
	};
	rootObject = EE40F86E2AAF06A400BD629B /* Project object */;
}
